
Microsoft Visual Studio Solution File, Format Version 12.00
# Visual Studio Version 17
VisualStudioVersion = 17.8.34330.188
MinimumVisualStudioVersion = 10.0.40219.1
Project("{FAE04EC0-301F-11D3-BF4B-00C04F79EFBC}") = "Definition_des_Grundlayouts_Grid", "Definition_des_Grundlayouts_Grid\Definition_des_Grundlayouts_Grid.csproj", "{0D605C2E-07D2-4A09-B2A5-99493B8A5FAF}"
EndProject
Global
	GlobalSection(SolutionConfigurationPlatforms) = preSolution
		Debug|Any CPU = Debug|Any CPU
		Release|Any CPU = Release|Any CPU
	EndGlobalSection
	GlobalSection(ProjectConfigurationPlatforms) = postSolution
		{0D605C2E-07D2-4A09-B2A5-99493B8A5FAF}.Debug|Any CPU.ActiveCfg = Debug|Any CPU
		{0D605C2E-07D2-4A09-B2A5-99493B8A5FAF}.Debug|Any CPU.Build.0 = Debug|Any CPU
		{0D605C2E-07D2-4A09-B2A5-99493B8A5FAF}.Release|Any CPU.ActiveCfg = Release|Any CPU
		{0D605C2E-07D2-4A09-B2A5-99493B8A5FAF}.Release|Any CPU.Build.0 = Release|Any CPU
	EndGlobalSection
	GlobalSection(SolutionProperties) = preSolution
		HideSolutionNode = FALSE
	EndGlobalSection
	GlobalSection(ExtensibilityGlobals) = postSolution
		SolutionGuid = {BCB4485F-EBFF-45CB-B381-F539E9FF184A}
	EndGlobalSection
EndGlobal
